// !$*UTF8*$!
{
	archiveVersion = 1;
	classes = {
	};
	objectVersion = 46;
	objects = {

/* Begin PBXBuildFile section */
		01056D51186DB79500A6F49F /* PieViewController.mm in Sources */ = {isa = PBXBuildFile; fileRef = 01056D50186DB79500A6F49F /* PieViewController.mm */; };
		01A1851E186D498000B98F16 /* Foundation.framework in Frameworks */ = {isa = PBXBuildFile; fileRef = 01A1851D186D498000B98F16 /* Foundation.framework */; };
		01A18520186D498000B98F16 /* CoreGraphics.framework in Frameworks */ = {isa = PBXBuildFile; fileRef = 01A1851F186D498000B98F16 /* CoreGraphics.framework */; };
		01A18522186D498000B98F16 /* UIKit.framework in Frameworks */ = {isa = PBXBuildFile; fileRef = 01A18521186D498000B98F16 /* UIKit.framework */; };
		01A18528186D498000B98F16 /* InfoPlist.strings in Resources */ = {isa = PBXBuildFile; fileRef = 01A18526186D498000B98F16 /* InfoPlist.strings */; };
		01A1852A186D498000B98F16 /* main.m in Sources */ = {isa = PBXBuildFile; fileRef = 01A18529186D498000B98F16 /* main.m */; };
		01A1852E186D498000B98F16 /* AppDelegate.m in Sources */ = {isa = PBXBuildFile; fileRef = 01A1852D186D498000B98F16 /* AppDelegate.m */; };
		01A18531186D498000B98F16 /* Main.storyboard in Resources */ = {isa = PBXBuildFile; fileRef = 01A1852F186D498000B98F16 /* Main.storyboard */; };
		01A18534186D498000B98F16 /* ViewController.m in Sources */ = {isa = PBXBuildFile; fileRef = 01A18533186D498000B98F16 /* ViewController.m */; };
		01A18536186D498000B98F16 /* Images.xcassets in Resources */ = {isa = PBXBuildFile; fileRef = 01A18535186D498000B98F16 /* Images.xcassets */; };
		01A1853D186D498000B98F16 /* XCTest.framework in Frameworks */ = {isa = PBXBuildFile; fileRef = 01A1853C186D498000B98F16 /* XCTest.framework */; };
		01A1853E186D498100B98F16 /* Foundation.framework in Frameworks */ = {isa = PBXBuildFile; fileRef = 01A1851D186D498000B98F16 /* Foundation.framework */; };
		01A1853F186D498100B98F16 /* UIKit.framework in Frameworks */ = {isa = PBXBuildFile; fileRef = 01A18521186D498000B98F16 /* UIKit.framework */; };
		01A18547186D498100B98F16 /* InfoPlist.strings in Resources */ = {isa = PBXBuildFile; fileRef = 01A18545186D498100B98F16 /* InfoPlist.strings */; };
		01A18549186D498100B98F16 /* CorePlotExampleTests.m in Sources */ = {isa = PBXBuildFile; fileRef = 01A18548186D498100B98F16 /* CorePlotExampleTests.m */; };
		01A18554186D4A6500B98F16 /* ScatterViewController.mm in Sources */ = {isa = PBXBuildFile; fileRef = 01A18553186D4A6500B98F16 /* ScatterViewController.mm */; };
		01F92160186DBB5D00A1D724 /* BarViewController.mm in Sources */ = {isa = PBXBuildFile; fileRef = 01F9215F186DBB5D00A1D724 /* BarViewController.mm */; };
		202CAAD00B44481A89A12F29 /* libPods.a in Frameworks */ = {isa = PBXBuildFile; fileRef = D3F6853BD37642BCB6013E76 /* libPods.a */; };
/* End PBXBuildFile section */

/* Begin PBXContainerItemProxy section */
		01A18540186D498100B98F16 /* PBXContainerItemProxy */ = {
			isa = PBXContainerItemProxy;
			containerPortal = 01A18512186D498000B98F16 /* Project object */;
			proxyType = 1;
			remoteGlobalIDString = 01A18519186D498000B98F16;
			remoteInfo = CorePlotExample;
		};
/* End PBXContainerItemProxy section */

/* Begin PBXFileReference section */
		01056D4F186DB79500A6F49F /* PieViewController.h */ = {isa = PBXFileReference; fileEncoding = 4; lastKnownFileType = sourcecode.c.h; path = PieViewController.h; sourceTree = "<group>"; };
		01056D50186DB79500A6F49F /* PieViewController.mm */ = {isa = PBXFileReference; fileEncoding = 4; lastKnownFileType = sourcecode.cpp.objcpp; path = PieViewController.mm; sourceTree = "<group>"; };
		01A1851A186D498000B98F16 /* CorePlotExample.app */ = {isa = PBXFileReference; explicitFileType = wrapper.application; includeInIndex = 0; path = CorePlotExample.app; sourceTree = BUILT_PRODUCTS_DIR; };
		01A1851D186D498000B98F16 /* Foundation.framework */ = {isa = PBXFileReference; lastKnownFileType = wrapper.framework; name = Foundation.framework; path = System/Library/Frameworks/Foundation.framework; sourceTree = SDKROOT; };
		01A1851F186D498000B98F16 /* CoreGraphics.framework */ = {isa = PBXFileReference; lastKnownFileType = wrapper.framework; name = CoreGraphics.framework; path = System/Library/Frameworks/CoreGraphics.framework; sourceTree = SDKROOT; };
		01A18521186D498000B98F16 /* UIKit.framework */ = {isa = PBXFileReference; lastKnownFileType = wrapper.framework; name = UIKit.framework; path = System/Library/Frameworks/UIKit.framework; sourceTree = SDKROOT; };
		01A18525186D498000B98F16 /* CorePlotExample-Info.plist */ = {isa = PBXFileReference; lastKnownFileType = text.plist.xml; path = "CorePlotExample-Info.plist"; sourceTree = "<group>"; };
		01A18527186D498000B98F16 /* en */ = {isa = PBXFileReference; lastKnownFileType = text.plist.strings; name = en; path = en.lproj/InfoPlist.strings; sourceTree = "<group>"; };
		01A18529186D498000B98F16 /* main.m */ = {isa = PBXFileReference; lastKnownFileType = sourcecode.c.objc; path = main.m; sourceTree = "<group>"; };
		01A1852B186D498000B98F16 /* CorePlotExample-Prefix.pch */ = {isa = PBXFileReference; lastKnownFileType = sourcecode.c.h; path = "CorePlotExample-Prefix.pch"; sourceTree = "<group>"; };
		01A1852C186D498000B98F16 /* AppDelegate.h */ = {isa = PBXFileReference; lastKnownFileType = sourcecode.c.h; path = AppDelegate.h; sourceTree = "<group>"; };
		01A1852D186D498000B98F16 /* AppDelegate.m */ = {isa = PBXFileReference; lastKnownFileType = sourcecode.c.objc; path = AppDelegate.m; sourceTree = "<group>"; };
		01A18530186D498000B98F16 /* Base */ = {isa = PBXFileReference; lastKnownFileType = file.storyboard; name = Base; path = Base.lproj/Main.storyboard; sourceTree = "<group>"; };
		01A18532186D498000B98F16 /* ViewController.h */ = {isa = PBXFileReference; lastKnownFileType = sourcecode.c.h; path = ViewController.h; sourceTree = "<group>"; };
		01A18533186D498000B98F16 /* ViewController.m */ = {isa = PBXFileReference; lastKnownFileType = sourcecode.c.objc; path = ViewController.m; sourceTree = "<group>"; };
		01A18535186D498000B98F16 /* Images.xcassets */ = {isa = PBXFileReference; lastKnownFileType = folder.assetcatalog; path = Images.xcassets; sourceTree = "<group>"; };
		01A1853B186D498000B98F16 /* CorePlotExampleTests.xctest */ = {isa = PBXFileReference; explicitFileType = wrapper.cfbundle; includeInIndex = 0; path = CorePlotExampleTests.xctest; sourceTree = BUILT_PRODUCTS_DIR; };
		01A1853C186D498000B98F16 /* XCTest.framework */ = {isa = PBXFileReference; lastKnownFileType = wrapper.framework; name = XCTest.framework; path = Library/Frameworks/XCTest.framework; sourceTree = DEVELOPER_DIR; };
		01A18544186D498100B98F16 /* CorePlotExampleTests-Info.plist */ = {isa = PBXFileReference; lastKnownFileType = text.plist.xml; path = "CorePlotExampleTests-Info.plist"; sourceTree = "<group>"; };
		01A18546186D498100B98F16 /* en */ = {isa = PBXFileReference; lastKnownFileType = text.plist.strings; name = en; path = en.lproj/InfoPlist.strings; sourceTree = "<group>"; };
		01A18548186D498100B98F16 /* CorePlotExampleTests.m */ = {isa = PBXFileReference; lastKnownFileType = sourcecode.c.objc; path = CorePlotExampleTests.m; sourceTree = "<group>"; };
		01A18552186D4A6500B98F16 /* ScatterViewController.h */ = {isa = PBXFileReference; fileEncoding = 4; lastKnownFileType = sourcecode.c.h; path = ScatterViewController.h; sourceTree = "<group>"; };
		01A18553186D4A6500B98F16 /* ScatterViewController.mm */ = {isa = PBXFileReference; fileEncoding = 4; lastKnownFileType = sourcecode.cpp.objcpp; path = ScatterViewController.mm; sourceTree = "<group>"; };
		01F9215E186DBB5D00A1D724 /* BarViewController.h */ = {isa = PBXFileReference; fileEncoding = 4; lastKnownFileType = sourcecode.c.h; path = BarViewController.h; sourceTree = "<group>"; };
		01F9215F186DBB5D00A1D724 /* BarViewController.mm */ = {isa = PBXFileReference; fileEncoding = 4; lastKnownFileType = sourcecode.cpp.objcpp; path = BarViewController.mm; sourceTree = "<group>"; };
		079583E4B5B747B7991DDB48 /* Pods.xcconfig */ = {isa = PBXFileReference; includeInIndex = 1; lastKnownFileType = text.xcconfig; name = Pods.xcconfig; path = Pods/Pods.xcconfig; sourceTree = "<group>"; };
		D3F6853BD37642BCB6013E76 /* libPods.a */ = {isa = PBXFileReference; explicitFileType = archive.ar; includeInIndex = 0; path = libPods.a; sourceTree = BUILT_PRODUCTS_DIR; };
/* End PBXFileReference section */

/* Begin PBXFrameworksBuildPhase section */
		01A18517186D498000B98F16 /* Frameworks */ = {
			isa = PBXFrameworksBuildPhase;
			buildActionMask = 2147483647;
			files = (
				01A18520186D498000B98F16 /* CoreGraphics.framework in Frameworks */,
				01A18522186D498000B98F16 /* UIKit.framework in Frameworks */,
				01A1851E186D498000B98F16 /* Foundation.framework in Frameworks */,
				202CAAD00B44481A89A12F29 /* libPods.a in Frameworks */,
			);
			runOnlyForDeploymentPostprocessing = 0;
		};
		01A18538186D498000B98F16 /* Frameworks */ = {
			isa = PBXFrameworksBuildPhase;
			buildActionMask = 2147483647;
			files = (
				01A1853D186D498000B98F16 /* XCTest.framework in Frameworks */,
				01A1853F186D498100B98F16 /* UIKit.framework in Frameworks */,
				01A1853E186D498100B98F16 /* Foundation.framework in Frameworks */,
			);
			runOnlyForDeploymentPostprocessing = 0;
		};
/* End PBXFrameworksBuildPhase section */

/* Begin PBXGroup section */
		01A18511186D498000B98F16 = {
			isa = PBXGroup;
			children = (
				01A18523186D498000B98F16 /* CorePlotExample */,
				01A18542186D498100B98F16 /* CorePlotExampleTests */,
				01A1851C186D498000B98F16 /* Frameworks */,
				01A1851B186D498000B98F16 /* Products */,
				079583E4B5B747B7991DDB48 /* Pods.xcconfig */,
			);
			sourceTree = "<group>";
		};
		01A1851B186D498000B98F16 /* Products */ = {
			isa = PBXGroup;
			children = (
				01A1851A186D498000B98F16 /* CorePlotExample.app */,
				01A1853B186D498000B98F16 /* CorePlotExampleTests.xctest */,
			);
			name = Products;
			sourceTree = "<group>";
		};
		01A1851C186D498000B98F16 /* Frameworks */ = {
			isa = PBXGroup;
			children = (
				01A1851D186D498000B98F16 /* Foundation.framework */,
				01A1851F186D498000B98F16 /* CoreGraphics.framework */,
				01A18521186D498000B98F16 /* UIKit.framework */,
				01A1853C186D498000B98F16 /* XCTest.framework */,
				D3F6853BD37642BCB6013E76 /* libPods.a */,
			);
			name = Frameworks;
			sourceTree = "<group>";
		};
		01A18523186D498000B98F16 /* CorePlotExample */ = {
			isa = PBXGroup;
			children = (
				01A1852C186D498000B98F16 /* AppDelegate.h */,
				01A1852D186D498000B98F16 /* AppDelegate.m */,
				01A1852F186D498000B98F16 /* Main.storyboard */,
				01A18532186D498000B98F16 /* ViewController.h */,
				01A18533186D498000B98F16 /* ViewController.m */,
				01A18535186D498000B98F16 /* Images.xcassets */,
				01A18524186D498000B98F16 /* Supporting Files */,
				01A18552186D4A6500B98F16 /* ScatterViewController.h */,
				01A18553186D4A6500B98F16 /* ScatterViewController.mm */,
				01056D4F186DB79500A6F49F /* PieViewController.h */,
				01056D50186DB79500A6F49F /* PieViewController.mm */,
				01F9215E186DBB5D00A1D724 /* BarViewController.h */,
				01F9215F186DBB5D00A1D724 /* BarViewController.mm */,
			);
			path = CorePlotExample;
			sourceTree = "<group>";
		};
		01A18524186D498000B98F16 /* Supporting Files */ = {
			isa = PBXGroup;
			children = (
				01A18525186D498000B98F16 /* CorePlotExample-Info.plist */,
				01A18526186D498000B98F16 /* InfoPlist.strings */,
				01A18529186D498000B98F16 /* main.m */,
				01A1852B186D498000B98F16 /* CorePlotExample-Prefix.pch */,
			);
			name = "Supporting Files";
			sourceTree = "<group>";
		};
		01A18542186D498100B98F16 /* CorePlotExampleTests */ = {
			isa = PBXGroup;
			children = (
				01A18548186D498100B98F16 /* CorePlotExampleTests.m */,
				01A18543186D498100B98F16 /* Supporting Files */,
			);
			path = CorePlotExampleTests;
			sourceTree = "<group>";
		};
		01A18543186D498100B98F16 /* Supporting Files */ = {
			isa = PBXGroup;
			children = (
				01A18544186D498100B98F16 /* CorePlotExampleTests-Info.plist */,
				01A18545186D498100B98F16 /* InfoPlist.strings */,
			);
			name = "Supporting Files";
			sourceTree = "<group>";
		};
/* End PBXGroup section */

/* Begin PBXNativeTarget section */
		01A18519186D498000B98F16 /* CorePlotExample */ = {
			isa = PBXNativeTarget;
			buildConfigurationList = 01A1854C186D498100B98F16 /* Build configuration list for PBXNativeTarget "CorePlotExample" */;
			buildPhases = (
				3FC78F1360884EE6A49931E5 /* Check Pods Manifest.lock */,
				01A18516186D498000B98F16 /* Sources */,
				01A18517186D498000B98F16 /* Frameworks */,
				01A18518186D498000B98F16 /* Resources */,
				80F2DE89B0E844A9900E1C7B /* Copy Pods Resources */,
			);
			buildRules = (
			);
			dependencies = (
			);
			name = CorePlotExample;
			productName = CorePlotExample;
			productReference = 01A1851A186D498000B98F16 /* CorePlotExample.app */;
			productType = "com.apple.product-type.application";
		};
		01A1853A186D498000B98F16 /* CorePlotExampleTests */ = {
			isa = PBXNativeTarget;
			buildConfigurationList = 01A1854F186D498100B98F16 /* Build configuration list for PBXNativeTarget "CorePlotExampleTests" */;
			buildPhases = (
				01A18537186D498000B98F16 /* Sources */,
				01A18538186D498000B98F16 /* Frameworks */,
				01A18539186D498000B98F16 /* Resources */,
			);
			buildRules = (
			);
			dependencies = (
				01A18541186D498100B98F16 /* PBXTargetDependency */,
			);
			name = CorePlotExampleTests;
			productName = CorePlotExampleTests;
			productReference = 01A1853B186D498000B98F16 /* CorePlotExampleTests.xctest */;
			productType = "com.apple.product-type.bundle.unit-test";
		};
/* End PBXNativeTarget section */

/* Begin PBXProject section */
		01A18512186D498000B98F16 /* Project object */ = {
			isa = PBXProject;
			attributes = {
				LastUpgradeCheck = 0500;
				ORGANIZATIONNAME = xoyip;
				TargetAttributes = {
					01A1853A186D498000B98F16 = {
						TestTargetID = 01A18519186D498000B98F16;
					};
				};
			};
			buildConfigurationList = 01A18515186D498000B98F16 /* Build configuration list for PBXProject "CorePlotExample" */;
			compatibilityVersion = "Xcode 3.2";
			developmentRegion = English;
			hasScannedForEncodings = 0;
			knownRegions = (
				en,
				Base,
			);
			mainGroup = 01A18511186D498000B98F16;
			productRefGroup = 01A1851B186D498000B98F16 /* Products */;
			projectDirPath = "";
			projectRoot = "";
			targets = (
				01A18519186D498000B98F16 /* CorePlotExample */,
				01A1853A186D498000B98F16 /* CorePlotExampleTests */,
			);
		};
/* End PBXProject section */

/* Begin PBXResourcesBuildPhase section */
		01A18518186D498000B98F16 /* Resources */ = {
			isa = PBXResourcesBuildPhase;
			buildActionMask = 2147483647;
			files = (
				01A18536186D498000B98F16 /* Images.xcassets in Resources */,
				01A18528186D498000B98F16 /* InfoPlist.strings in Resources */,
				01A18531186D498000B98F16 /* Main.storyboard in Resources */,
			);
			runOnlyForDeploymentPostprocessing = 0;
		};
		01A18539186D498000B98F16 /* Resources */ = {
			isa = PBXResourcesBuildPhase;
			buildActionMask = 2147483647;
			files = (
				01A18547186D498100B98F16 /* InfoPlist.strings in Resources */,
			);
			runOnlyForDeploymentPostprocessing = 0;
		};
/* End PBXResourcesBuildPhase section */

/* Begin PBXShellScriptBuildPhase section */
		3FC78F1360884EE6A49931E5 /* Check Pods Manifest.lock */ = {
			isa = PBXShellScriptBuildPhase;
			buildActionMask = 2147483647;
			files = (
			);
			inputPaths = (
			);
			name = "Check Pods Manifest.lock";
			outputPaths = (
			);
			runOnlyForDeploymentPostprocessing = 0;
			shellPath = /bin/sh;
			shellScript = "diff \"${PODS_ROOT}/../Podfile.lock\" \"${PODS_ROOT}/Manifest.lock\" > /dev/null\nif [[ $? != 0 ]] ; then\n    cat << EOM\nerror: The sandbox is not in sync with the Podfile.lock. Run 'pod install' or update your CocoaPods installation.\nEOM\n    exit 1\nfi\n";
			showEnvVarsInLog = 0;
		};
		80F2DE89B0E844A9900E1C7B /* Copy Pods Resources */ = {
			isa = PBXShellScriptBuildPhase;
			buildActionMask = 2147483647;
			files = (
			);
			inputPaths = (
			);
			name = "Copy Pods Resources";
			outputPaths = (
			);
			runOnlyForDeploymentPostprocessing = 0;
			shellPath = /bin/sh;
			shellScript = "\"${SRCROOT}/Pods/Pods-resources.sh\"\n";
			showEnvVarsInLog = 0;
		};
/* End PBXShellScriptBuildPhase section */

/* Begin PBXSourcesBuildPhase section */
		01A18516186D498000B98F16 /* Sources */ = {
			isa = PBXSourcesBuildPhase;
			buildActionMask = 2147483647;
			files = (
				01A18534186D498000B98F16 /* ViewController.m in Sources */,
				01A1852E186D498000B98F16 /* AppDelegate.m in Sources */,
				01056D51186DB79500A6F49F /* PieViewController.mm in Sources */,
				01A1852A186D498000B98F16 /* main.m in Sources */,
				01F92160186DBB5D00A1D724 /* BarViewController.mm in Sources */,
				01A18554186D4A6500B98F16 /* ScatterViewController.mm in Sources */,
			);
			runOnlyForDeploymentPostprocessing = 0;
		};
		01A18537186D498000B98F16 /* Sources */ = {
			isa = PBXSourcesBuildPhase;
			buildActionMask = 2147483647;
			files = (
				01A18549186D498100B98F16 /* CorePlotExampleTests.m in Sources */,
			);
			runOnlyForDeploymentPostprocessing = 0;
		};
/* End PBXSourcesBuildPhase section */

/* Begin PBXTargetDependency section */
		01A18541186D498100B98F16 /* PBXTargetDependency */ = {
			isa = PBXTargetDependency;
			target = 01A18519186D498000B98F16 /* CorePlotExample */;
			targetProxy = 01A18540186D498100B98F16 /* PBXContainerItemProxy */;
		};
/* End PBXTargetDependency section */

/* Begin PBXVariantGroup section */
		01A18526186D498000B98F16 /* InfoPlist.strings */ = {
			isa = PBXVariantGroup;
			children = (
				01A18527186D498000B98F16 /* en */,
			);
			name = InfoPlist.strings;
			sourceTree = "<group>";
		};
		01A1852F186D498000B98F16 /* Main.storyboard */ = {
			isa = PBXVariantGroup;
			children = (
				01A18530186D498000B98F16 /* Base */,
			);
			name = Main.storyboard;
			sourceTree = "<group>";
		};
		01A18545186D498100B98F16 /* InfoPlist.strings */ = {
			isa = PBXVariantGroup;
			children = (
				01A18546186D498100B98F16 /* en */,
			);
			name = InfoPlist.strings;
			sourceTree = "<group>";
		};
/* End PBXVariantGroup section */

/* Begin XCBuildConfiguration section */
		01A1854A186D498100B98F16 /* Debug */ = {
			isa = XCBuildConfiguration;
			buildSettings = {
				ALWAYS_SEARCH_USER_PATHS = NO;
				ARCHS = "$(ARCHS_STANDARD_INCLUDING_64_BIT)";
				CLANG_CXX_LANGUAGE_STANDARD = "gnu++0x";
				CLANG_CXX_LIBRARY = "libc++";
				CLANG_ENABLE_MODULES = YES;
				CLANG_ENABLE_OBJC_ARC = YES;
				CLANG_WARN_BOOL_CONVERSION = YES;
				CLANG_WARN_CONSTANT_CONVERSION = YES;
				CLANG_WARN_DIRECT_OBJC_ISA_USAGE = YES_ERROR;
				CLANG_WARN_EMPTY_BODY = YES;
				CLANG_WARN_ENUM_CONVERSION = YES;
				CLANG_WARN_INT_CONVERSION = YES;
				CLANG_WARN_OBJC_ROOT_CLASS = YES_ERROR;
				CLANG_WARN__DUPLICATE_METHOD_MATCH = YES;
				"CODE_SIGN_IDENTITY[sdk=iphoneos*]" = "iPhone Developer";
				COPY_PHASE_STRIP = NO;
				GCC_C_LANGUAGE_STANDARD = gnu99;
				GCC_DYNAMIC_NO_PIC = NO;
				GCC_OPTIMIZATION_LEVEL = 0;
				GCC_PREPROCESSOR_DEFINITIONS = (
					"DEBUG=1",
					"$(inherited)",
				);
				GCC_SYMBOLS_PRIVATE_EXTERN = NO;
				GCC_WARN_64_TO_32_BIT_CONVERSION = YES;
				GCC_WARN_ABOUT_RETURN_TYPE = YES_ERROR;
				GCC_WARN_UNDECLARED_SELECTOR = YES;
				GCC_WARN_UNINITIALIZED_AUTOS = YES;
				GCC_WARN_UNUSED_FUNCTION = YES;
				GCC_WARN_UNUSED_VARIABLE = YES;
				IPHONEOS_DEPLOYMENT_TARGET = 7.0;
				ONLY_ACTIVE_ARCH = YES;
				SDKROOT = iphoneos;
			};
			name = Debug;
		};
		01A1854B186D498100B98F16 /* Release */ = {
			isa = XCBuildConfiguration;
			buildSettings = {
				ALWAYS_SEARCH_USER_PATHS = NO;
				ARCHS = "$(ARCHS_STANDARD_INCLUDING_64_BIT)";
				CLANG_CXX_LANGUAGE_STANDARD = "gnu++0x";
				CLANG_CXX_LIBRARY = "libc++";
				CLANG_ENABLE_MODULES = YES;
				CLANG_ENABLE_OBJC_ARC = YES;
				CLANG_WARN_BOOL_CONVERSION = YES;
				CLANG_WARN_CONSTANT_CONVERSION = YES;
				CLANG_WARN_DIRECT_OBJC_ISA_USAGE = YES_ERROR;
				CLANG_WARN_EMPTY_BODY = YES;
				CLANG_WARN_ENUM_CONVERSION = YES;
				CLANG_WARN_INT_CONVERSION = YES;
				CLANG_WARN_OBJC_ROOT_CLASS = YES_ERROR;
				CLANG_WARN__DUPLICATE_METHOD_MATCH = YES;
				"CODE_SIGN_IDENTITY[sdk=iphoneos*]" = "iPhone Developer";
				COPY_PHASE_STRIP = YES;
				ENABLE_NS_ASSERTIONS = NO;
				GCC_C_LANGUAGE_STANDARD = gnu99;
				GCC_WARN_64_TO_32_BIT_CONVERSION = YES;
				GCC_WARN_ABOUT_RETURN_TYPE = YES_ERROR;
				GCC_WARN_UNDECLARED_SELECTOR = YES;
				GCC_WARN_UNINITIALIZED_AUTOS = YES;
				GCC_WARN_UNUSED_FUNCTION = YES;
				GCC_WARN_UNUSED_VARIABLE = YES;
				IPHONEOS_DEPLOYMENT_TARGET = 7.0;
				SDKROOT = iphoneos;
				VALIDATE_PRODUCT = YES;
			};
			name = Release;
		};
		01A1854D186D498100B98F16 /* Debug */ = {
			isa = XCBuildConfiguration;
			baseConfigurationReference = 079583E4B5B747B7991DDB48 /* Pods.xcconfig */;
			buildSettings = {
				ASSETCATALOG_COMPILER_APPICON_NAME = AppIcon;
				ASSETCATALOG_COMPILER_LAUNCHIMAGE_NAME = LaunchImage;
				GCC_PRECOMPILE_PREFIX_HEADER = YES;
				GCC_PREFIX_HEADER = "CorePlotExample/CorePlotExample-Prefix.pch";
				INFOPLIST_FILE = "CorePlotExample/CorePlotExample-Info.plist";
				PRODUCT_NAME = "$(TARGET_NAME)";
				WRAPPER_EXTENSION = app;
			};
			name = Debug;
		};
		01A1854E186D498100B98F16 /* Release */ = {
			isa = XCBuildConfiguration;
			baseConfigurationReference = 079583E4B5B747B7991DDB48 /* Pods.xcconfig */;
			buildSettings = {
				ASSETCATALOG_COMPILER_APPICON_NAME = AppIcon;
				ASSETCATALOG_COMPILER_LAUNCHIMAGE_NAME = LaunchImage;
				GCC_PRECOMPILE_PREFIX_HEADER = YES;
				GCC_PREFIX_HEADER = "CorePlotExample/CorePlotExample-Prefix.pch";
				INFOPLIST_FILE = "CorePlotExample/CorePlotExample-Info.plist";
				PRODUCT_NAME = "$(TARGET_NAME)";
				WRAPPER_EXTENSION = app;
			};
			name = Release;
		};
		01A18550186D498100B98F16 /* Debug */ = {
			isa = XCBuildConfiguration;
			buildSettings = {
				ARCHS = "$(ARCHS_STANDARD_INCLUDING_64_BIT)";
				BUNDLE_LOADER = "$(BUILT_PRODUCTS_DIR)/CorePlotExample.app/CorePlotExample";
				FRAMEWORK_SEARCH_PATHS = (
					"$(SDKROOT)/Developer/Library/Frameworks",
					"$(inherited)",
					"$(DEVELOPER_FRAMEWORKS_DIR)",
				);
				GCC_PRECOMPILE_PREFIX_HEADER = YES;
				GCC_PREFIX_HEADER = "CorePlotExample/CorePlotExample-Prefix.pch";
				GCC_PREPROCESSOR_DEFINITIONS = (
					"DEBUG=1",
					"$(inherited)",
				);
				INFOPLIST_FILE = "CorePlotExampleTests/CorePlotExampleTests-Info.plist";
				PRODUCT_NAME = "$(TARGET_NAME)";
				TEST_HOST = "$(BUNDLE_LOADER)";
				WRAPPER_EXTENSION = xctest;
			};
			name = Debug;
		};
		01A18551186D498100B98F16 /* Release */ = {
			isa = XCBuildConfiguration;
			buildSettings = {
				ARCHS = "$(ARCHS_STANDARD_INCLUDING_64_BIT)";
				BUNDLE_LOADER = "$(BUILT_PRODUCTS_DIR)/CorePlotExample.app/CorePlotExample";
				FRAMEWORK_SEARCH_PATHS = (
					"$(SDKROOT)/Developer/Library/Frameworks",
					"$(inherited)",
					"$(DEVELOPER_FRAMEWORKS_DIR)",
				);
				GCC_PRECOMPILE_PREFIX_HEADER = YES;
				GCC_PREFIX_HEADER = "CorePlotExample/CorePlotExample-Prefix.pch";
				INFOPLIST_FILE = "CorePlotExampleTests/CorePlotExampleTests-Info.plist";
				PRODUCT_NAME = "$(TARGET_NAME)";
				TEST_HOST = "$(BUNDLE_LOADER)";
				WRAPPER_EXTENSION = xctest;
			};
			name = Release;
		};
/* End XCBuildConfiguration section */

/* Begin XCConfigurationList section */
		01A18515186D498000B98F16 /* Build configuration list for PBXProject "CorePlotExample" */ = {
			isa = XCConfigurationList;
			buildConfigurations = (
				01A1854A186D498100B98F16 /* Debug */,
				01A1854B186D498100B98F16 /* Release */,
			);
			defaultConfigurationIsVisible = 0;
			defaultConfigurationName = Release;
		};
		01A1854C186D498100B98F16 /* Build configuration list for PBXNativeTarget "CorePlotExample" */ = {
			isa = XCConfigurationList;
			buildConfigurations = (
				01A1854D186D498100B98F16 /* Debug */,
				01A1854E186D498100B98F16 /* Release */,
			);
			defaultConfigurationIsVisible = 0;
			defaultConfigurationName = Release;
		};
		01A1854F186D498100B98F16 /* Build configuration list for PBXNativeTarget "CorePlotExampleTests" */ = {
			isa = XCConfigurationList;
			buildConfigurations = (
				01A18550186D498100B98F16 /* Debug */,
				01A18551186D498100B98F16 /* Release */,
			);
			defaultConfigurationIsVisible = 0;
			defaultConfigurationName = Release;
		};
/* End XCConfigurationList section */
	};
	rootObject = 01A18512186D498000B98F16 /* Project object */;
}
